github.com/dgryski/go-bitstream v0.0.0-20180413035011-3522498ce2c8 h1:akOQj8IVgoeFfBTzGOEQakCYshWD6RNo1M5pivFXt70=
github.com/dgryski/go-bitstream v0.0.0-20180413035011-3522498ce2c8/go.mod h1:VMaSuZ+SZcx/wljOQKvp5srsbCiKDEb6K2wC4+PiBmQ=
github.com/hnakamur/timeseries v0.0.0-20170212133819-bb8cc15cda41 h1:tZgY1XH9NrY2KfRlfY7CGJ9CPtylmd7h+2CfSmuWHUg=
github.com/hnakamur/timeseries v0.0.0-20170212133819-bb8cc15cda41/go.mod h1:TKNmAzO7UTpHcevKaORvYfpqY/evrUENk6xYTTR1Lng=
